
Microsoft Visual Studio Solution File, Format Version 12.00
# Visual Studio Version 17
VisualStudioVersion = 17.1.32228.430
MinimumVisualStudioVersion = 10.0.40219.1
Project("{9A19103F-16F7-4668-BE54-9A1E7A4F7556}") = "BillingApi", "BillingApi\BillingApi.csproj", "{D308BB03-006B-4234-A032-D7B34128C198}"
EndProject
Project("{9A19103F-16F7-4668-BE54-9A1E7A4F7556}") = "BillingApi.Database", "BillingApi.Database\BillingApi.Database.csproj", "{22C942CF-237A-47E9-B4D1-17782403E470}"
EndProject
Project("{9A19103F-16F7-4668-BE54-9A1E7A4F7556}") = "BillingApi.Core", "BillingApi.Core\BillingApi.Core.csproj", "{057C59EC-6A97-4060-8B83-294D067CFDF0}"
EndProject
Project("{FAE04EC0-301F-11D3-BF4B-00C04F79EFBC}") = "BillingApi.Service", "BillingApi.Service\BillingApi.Service.csproj", "{A9255C76-1816-4B86-956F-C00CD0890391}"
EndProject
Global
	GlobalSection(SolutionConfigurationPlatforms) = preSolution
		Debug|Any CPU = Debug|Any CPU
		Release|Any CPU = Release|Any CPU
	EndGlobalSection
	GlobalSection(ProjectConfigurationPlatforms) = postSolution
		{D308BB03-006B-4234-A032-D7B34128C198}.Debug|Any CPU.ActiveCfg = Debug|Any CPU
		{D308BB03-006B-4234-A032-D7B34128C198}.Debug|Any CPU.Build.0 = Debug|Any CPU
		{D308BB03-006B-4234-A032-D7B34128C198}.Release|Any CPU.ActiveCfg = Release|Any CPU
		{D308BB03-006B-4234-A032-D7B34128C198}.Release|Any CPU.Build.0 = Release|Any CPU
		{22C942CF-237A-47E9-B4D1-17782403E470}.Debug|Any CPU.ActiveCfg = Debug|Any CPU
		{22C942CF-237A-47E9-B4D1-17782403E470}.Debug|Any CPU.Build.0 = Debug|Any CPU
		{22C942CF-237A-47E9-B4D1-17782403E470}.Release|Any CPU.ActiveCfg = Release|Any CPU
		{22C942CF-237A-47E9-B4D1-17782403E470}.Release|Any CPU.Build.0 = Release|Any CPU
		{057C59EC-6A97-4060-8B83-294D067CFDF0}.Debug|Any CPU.ActiveCfg = Debug|Any CPU
		{057C59EC-6A97-4060-8B83-294D067CFDF0}.Debug|Any CPU.Build.0 = Debug|Any CPU
		{057C59EC-6A97-4060-8B83-294D067CFDF0}.Release|Any CPU.ActiveCfg = Release|Any CPU
		{057C59EC-6A97-4060-8B83-294D067CFDF0}.Release|Any CPU.Build.0 = Release|Any CPU
		{A9255C76-1816-4B86-956F-C00CD0890391}.Debug|Any CPU.ActiveCfg = Debug|Any CPU
		{A9255C76-1816-4B86-956F-C00CD0890391}.Debug|Any CPU.Build.0 = Debug|Any CPU
		{A9255C76-1816-4B86-956F-C00CD0890391}.Release|Any CPU.ActiveCfg = Release|Any CPU
		{A9255C76-1816-4B86-956F-C00CD0890391}.Release|Any CPU.Build.0 = Release|Any CPU
	EndGlobalSection
	GlobalSection(SolutionProperties) = preSolution
		HideSolutionNode = FALSE
	EndGlobalSection
	GlobalSection(ExtensibilityGlobals) = postSolution
		SolutionGuid = {6BC4854E-2749-4603-9B0D-86DB374BCCD3}
	EndGlobalSection
EndGlobal
